
Microsoft Visual Studio Solution File, Format Version 12.00
# Visual Studio Version 16
VisualStudioVersion = 16.0.30406.217
MinimumVisualStudioVersion = 10.0.40219.1
Project("{FAE04EC0-301F-11D3-BF4B-00C04F79EFBC}") = "TheHeist", "TheHeist\TheHeist.csproj", "{C514BF5E-B7C0-4679-A1AD-A0079FCB7817}"
EndProject
Global
	GlobalSection(SolutionConfigurationPlatforms) = preSolution
		Debug|Any CPU = Debug|Any CPU
		Release|Any CPU = Release|Any CPU
	EndGlobalSection
	GlobalSection(ProjectConfigurationPlatforms) = postSolution
		{C514BF5E-B7C0-4679-A1AD-A0079FCB7817}.Debug|Any CPU.ActiveCfg = Debug|Any CPU
		{C514BF5E-B7C0-4679-A1AD-A0079FCB7817}.Debug|Any CPU.Build.0 = Debug|Any CPU
		{C514BF5E-B7C0-4679-A1AD-A0079FCB7817}.Release|Any CPU.ActiveCfg = Release|Any CPU
		{C514BF5E-B7C0-4679-A1AD-A0079FCB7817}.Release|Any CPU.Build.0 = Release|Any CPU
	EndGlobalSection
	GlobalSection(SolutionProperties) = preSolution
		HideSolutionNode = FALSE
	EndGlobalSection
	GlobalSection(ExtensibilityGlobals) = postSolution
		SolutionGuid = {836B061A-5AB1-4038-A6CF-6A038B11433F}
	EndGlobalSection
EndGlobal
